{
  "requires": true,
  "lockfileVersion": 1,
  "dependencies": {
    "jqplot": {
      "version": "1.0.9",
      "resolved": "https://registry.npmjs.org/jqplot/-/jqplot-1.0.9.tgz",
      "integrity": "sha1-LFpdapfjlrMdfnEOOji4r4zyUeQ=",
      "dev": true
    },
    "jquery": {
      "version": "3.3.1",
      "resolved": "https://registry.npmjs.org/jquery/-/jquery-3.3.1.tgz",
      "integrity": "sha512-Ubldcmxp5np52/ENotGxlLe6aGMvmF4R8S6tZjsP6Knsaxd/xp3Zrh50cG93lR6nPXyUFwzN3ZSOQI0wRJNdGg==",
      "dev": true
    }
  }
}
